<Solution>
  <Project Path="../Employee Business Layer/Business Layer.csproj" Id="aab26532-3e99-4797-b3f0-31350bc3a352" />
  <Project Path="../Employee Data Access-Layer/Data Access-Layer.csproj" Id="c6c6963d-300a-4669-a9f7-4b43008fc03b" />
  <Project Path="Presenatition Layer.csproj" Id="9c0e5b4a-f8f8-4554-9b8f-0126821d9975" />
</Solution>
